
Microsoft Visual Studio Solution File, Format Version 12.00
# Visual Studio 14
VisualStudioVersion = 14.0.23107.0
MinimumVisualStudioVersion = 10.0.40219.1
Project("{FAE04EC0-301F-11D3-BF4B-00C04F79EFBC}") = "ObsidianAPITEST", "ObsidianAPITEST\ObsidianAPITEST.csproj", "{8BEB4197-4B62-4192-8C41-E6A1349D00C5}"
EndProject
Project("{FAE04EC0-301F-11D3-BF4B-00C04F79EFBC}") = "DevDefined.OAuth", "..\..\..\DevDefined.OAuth-master\src\DevDefined.OAuth\DevDefined.OAuth.csproj", "{61B700B6-3911-4CEF-8751-7F42CA765068}"
EndProject
Global
	GlobalSection(SolutionConfigurationPlatforms) = preSolution
		Debug|Any CPU = Debug|Any CPU
		Release|Any CPU = Release|Any CPU
	EndGlobalSection
	GlobalSection(ProjectConfigurationPlatforms) = postSolution
		{8BEB4197-4B62-4192-8C41-E6A1349D00C5}.Debug|Any CPU.ActiveCfg = Debug|Any CPU
		{8BEB4197-4B62-4192-8C41-E6A1349D00C5}.Debug|Any CPU.Build.0 = Debug|Any CPU
		{8BEB4197-4B62-4192-8C41-E6A1349D00C5}.Release|Any CPU.ActiveCfg = Release|Any CPU
		{8BEB4197-4B62-4192-8C41-E6A1349D00C5}.Release|Any CPU.Build.0 = Release|Any CPU
		{61B700B6-3911-4CEF-8751-7F42CA765068}.Debug|Any CPU.ActiveCfg = Debug|Any CPU
		{61B700B6-3911-4CEF-8751-7F42CA765068}.Debug|Any CPU.Build.0 = Debug|Any CPU
		{61B700B6-3911-4CEF-8751-7F42CA765068}.Release|Any CPU.ActiveCfg = Release|Any CPU
		{61B700B6-3911-4CEF-8751-7F42CA765068}.Release|Any CPU.Build.0 = Release|Any CPU
	EndGlobalSection
	GlobalSection(SolutionProperties) = preSolution
		HideSolutionNode = FALSE
	EndGlobalSection
EndGlobal
